
Microsoft Visual Studio Solution File, Format Version 12.00
# Visual Studio Version 16
VisualStudioVersion = 16.0.32802.440
MinimumVisualStudioVersion = 10.0.40219.1
Project("{FAE04EC0-301F-11D3-BF4B-00C04F79EFBC}") = "Lab3_2.Android", "Lab3_2\Lab3_2.Android\Lab3_2.Android.csproj", "{D21FB84D-BB41-4043-9AD0-AF465FBDD177}"
EndProject
Project("{FAE04EC0-301F-11D3-BF4B-00C04F79EFBC}") = "Lab3_2.iOS", "Lab3_2\Lab3_2.iOS\Lab3_2.iOS.csproj", "{790DDFCD-7BD3-4401-A8E1-04EB48402873}"
EndProject
Project("{FAE04EC0-301F-11D3-BF4B-00C04F79EFBC}") = "Lab3_2", "Lab3_2\Lab3_2\Lab3_2.csproj", "{F5DAA310-5178-48DC-9EBA-B0C1D08802FB}"
EndProject
Global
	GlobalSection(SolutionConfigurationPlatforms) = preSolution
		Debug|Any CPU = Debug|Any CPU
		Debug|iPhone = Debug|iPhone
		Debug|iPhoneSimulator = Debug|iPhoneSimulator
		Release|Any CPU = Release|Any CPU
		Release|iPhone = Release|iPhone
		Release|iPhoneSimulator = Release|iPhoneSimulator
	EndGlobalSection
	GlobalSection(ProjectConfigurationPlatforms) = postSolution
		{D21FB84D-BB41-4043-9AD0-AF465FBDD177}.Debug|Any CPU.ActiveCfg = Debug|Any CPU
		{D21FB84D-BB41-4043-9AD0-AF465FBDD177}.Debug|Any CPU.Build.0 = Debug|Any CPU
		{D21FB84D-BB41-4043-9AD0-AF465FBDD177}.Debug|Any CPU.Deploy.0 = Debug|Any CPU
		{D21FB84D-BB41-4043-9AD0-AF465FBDD177}.Debug|iPhone.ActiveCfg = Debug|Any CPU
		{D21FB84D-BB41-4043-9AD0-AF465FBDD177}.Debug|iPhone.Build.0 = Debug|Any CPU
		{D21FB84D-BB41-4043-9AD0-AF465FBDD177}.Debug|iPhone.Deploy.0 = Debug|Any CPU
		{D21FB84D-BB41-4043-9AD0-AF465FBDD177}.Debug|iPhoneSimulator.ActiveCfg = Debug|Any CPU
		{D21FB84D-BB41-4043-9AD0-AF465FBDD177}.Debug|iPhoneSimulator.Build.0 = Debug|Any CPU
		{D21FB84D-BB41-4043-9AD0-AF465FBDD177}.Debug|iPhoneSimulator.Deploy.0 = Debug|Any CPU
		{D21FB84D-BB41-4043-9AD0-AF465FBDD177}.Release|Any CPU.ActiveCfg = Release|Any CPU
		{D21FB84D-BB41-4043-9AD0-AF465FBDD177}.Release|Any CPU.Build.0 = Release|Any CPU
		{D21FB84D-BB41-4043-9AD0-AF465FBDD177}.Release|Any CPU.Deploy.0 = Release|Any CPU
		{D21FB84D-BB41-4043-9AD0-AF465FBDD177}.Release|iPhone.ActiveCfg = Release|Any CPU
		{D21FB84D-BB41-4043-9AD0-AF465FBDD177}.Release|iPhone.Build.0 = Release|Any CPU
		{D21FB84D-BB41-4043-9AD0-AF465FBDD177}.Release|iPhone.Deploy.0 = Release|Any CPU
		{D21FB84D-BB41-4043-9AD0-AF465FBDD177}.Release|iPhoneSimulator.ActiveCfg = Release|Any CPU
		{D21FB84D-BB41-4043-9AD0-AF465FBDD177}.Release|iPhoneSimulator.Build.0 = Release|Any CPU
		{D21FB84D-BB41-4043-9AD0-AF465FBDD177}.Release|iPhoneSimulator.Deploy.0 = Release|Any CPU
		{790DDFCD-7BD3-4401-A8E1-04EB48402873}.Debug|Any CPU.ActiveCfg = Debug|iPhone
		{790DDFCD-7BD3-4401-A8E1-04EB48402873}.Debug|Any CPU.Build.0 = Debug|iPhone
		{790DDFCD-7BD3-4401-A8E1-04EB48402873}.Debug|Any CPU.Deploy.0 = Debug|iPhone
		{790DDFCD-7BD3-4401-A8E1-04EB48402873}.Debug|iPhone.ActiveCfg = Debug|iPhone
		{790DDFCD-7BD3-4401-A8E1-04EB48402873}.Debug|iPhone.Build.0 = Debug|iPhone
		{790DDFCD-7BD3-4401-A8E1-04EB48402873}.Debug|iPhone.Deploy.0 = Debug|iPhone
		{790DDFCD-7BD3-4401-A8E1-04EB48402873}.Debug|iPhoneSimulator.ActiveCfg = Debug|iPhoneSimulator
		{790DDFCD-7BD3-4401-A8E1-04EB48402873}.Debug|iPhoneSimulator.Build.0 = Debug|iPhoneSimulator
		{790DDFCD-7BD3-4401-A8E1-04EB48402873}.Debug|iPhoneSimulator.Deploy.0 = Debug|iPhoneSimulator
		{790DDFCD-7BD3-4401-A8E1-04EB48402873}.Release|Any CPU.ActiveCfg = Release|iPhoneSimulator
		{790DDFCD-7BD3-4401-A8E1-04EB48402873}.Release|Any CPU.Build.0 = Release|iPhoneSimulator
		{790DDFCD-7BD3-4401-A8E1-04EB48402873}.Release|Any CPU.Deploy.0 = Release|iPhoneSimulator
		{790DDFCD-7BD3-4401-A8E1-04EB48402873}.Release|iPhone.ActiveCfg = Release|iPhone
		{790DDFCD-7BD3-4401-A8E1-04EB48402873}.Release|iPhone.Build.0 = Release|iPhone
		{790DDFCD-7BD3-4401-A8E1-04EB48402873}.Release|iPhone.Deploy.0 = Release|iPhone
		{790DDFCD-7BD3-4401-A8E1-04EB48402873}.Release|iPhoneSimulator.ActiveCfg = Release|iPhoneSimulator
		{790DDFCD-7BD3-4401-A8E1-04EB48402873}.Release|iPhoneSimulator.Build.0 = Release|iPhoneSimulator
		{790DDFCD-7BD3-4401-A8E1-04EB48402873}.Release|iPhoneSimulator.Deploy.0 = Release|iPhoneSimulator
		{F5DAA310-5178-48DC-9EBA-B0C1D08802FB}.Debug|Any CPU.ActiveCfg = Debug|Any CPU
		{F5DAA310-5178-48DC-9EBA-B0C1D08802FB}.Debug|Any CPU.Build.0 = Debug|Any CPU
		{F5DAA310-5178-48DC-9EBA-B0C1D08802FB}.Debug|Any CPU.Deploy.0 = Debug|Any CPU
		{F5DAA310-5178-48DC-9EBA-B0C1D08802FB}.Debug|iPhone.ActiveCfg = Debug|Any CPU
		{F5DAA310-5178-48DC-9EBA-B0C1D08802FB}.Debug|iPhone.Build.0 = Debug|Any CPU
		{F5DAA310-5178-48DC-9EBA-B0C1D08802FB}.Debug|iPhone.Deploy.0 = Debug|Any CPU
		{F5DAA310-5178-48DC-9EBA-B0C1D08802FB}.Debug|iPhoneSimulator.ActiveCfg = Debug|Any CPU
		{F5DAA310-5178-48DC-9EBA-B0C1D08802FB}.Debug|iPhoneSimulator.Build.0 = Debug|Any CPU
		{F5DAA310-5178-48DC-9EBA-B0C1D08802FB}.Debug|iPhoneSimulator.Deploy.0 = Debug|Any CPU
		{F5DAA310-5178-48DC-9EBA-B0C1D08802FB}.Release|Any CPU.ActiveCfg = Release|Any CPU
		{F5DAA310-5178-48DC-9EBA-B0C1D08802FB}.Release|Any CPU.Build.0 = Release|Any CPU
		{F5DAA310-5178-48DC-9EBA-B0C1D08802FB}.Release|Any CPU.Deploy.0 = Release|Any CPU
		{F5DAA310-5178-48DC-9EBA-B0C1D08802FB}.Release|iPhone.ActiveCfg = Release|Any CPU
		{F5DAA310-5178-48DC-9EBA-B0C1D08802FB}.Release|iPhone.Build.0 = Release|Any CPU
		{F5DAA310-5178-48DC-9EBA-B0C1D08802FB}.Release|iPhone.Deploy.0 = Release|Any CPU
		{F5DAA310-5178-48DC-9EBA-B0C1D08802FB}.Release|iPhoneSimulator.ActiveCfg = Release|Any CPU
		{F5DAA310-5178-48DC-9EBA-B0C1D08802FB}.Release|iPhoneSimulator.Build.0 = Release|Any CPU
		{F5DAA310-5178-48DC-9EBA-B0C1D08802FB}.Release|iPhoneSimulator.Deploy.0 = Release|Any CPU
	EndGlobalSection
	GlobalSection(SolutionProperties) = preSolution
		HideSolutionNode = FALSE
	EndGlobalSection
	GlobalSection(ExtensibilityGlobals) = postSolution
		SolutionGuid = {33D022DC-08DB-4B34-8350-C5D0E6868361}
	EndGlobalSection
EndGlobal
