
Microsoft Visual Studio Solution File, Format Version 12.00
# Visual Studio Version 16
VisualStudioVersion = 16.0.32802.440
MinimumVisualStudioVersion = 10.0.40219.1
Project("{FAE04EC0-301F-11D3-BF4B-00C04F79EFBC}") = "Lab5_WebAPI", "Lab5_WebAPI.csproj", "{3AFE68C3-6D2D-4E8E-85D4-BDA6AC688802}"
EndProject
Global
	GlobalSection(SolutionConfigurationPlatforms) = preSolution
		Debug|Any CPU = Debug|Any CPU
		Release|Any CPU = Release|Any CPU
	EndGlobalSection
	GlobalSection(ProjectConfigurationPlatforms) = postSolution
		{3AFE68C3-6D2D-4E8E-85D4-BDA6AC688802}.Debug|Any CPU.ActiveCfg = Debug|Any CPU
		{3AFE68C3-6D2D-4E8E-85D4-BDA6AC688802}.Debug|Any CPU.Build.0 = Debug|Any CPU
		{3AFE68C3-6D2D-4E8E-85D4-BDA6AC688802}.Release|Any CPU.ActiveCfg = Release|Any CPU
		{3AFE68C3-6D2D-4E8E-85D4-BDA6AC688802}.Release|Any CPU.Build.0 = Release|Any CPU
	EndGlobalSection
	GlobalSection(SolutionProperties) = preSolution
		HideSolutionNode = FALSE
	EndGlobalSection
	GlobalSection(ExtensibilityGlobals) = postSolution
		SolutionGuid = {0433C16F-BD7B-4770-81DD-99A107BA1FF4}
	EndGlobalSection
EndGlobal
